<?xml version="1.0" encoding="UTF-8"?>
<Scheme
   LastUpgradeVersion = "1520"
   version = "1.7">
   <BuildAction
      parallelizeBuildables = "YES"
      buildImplicitDependencies = "YES">
      <BuildActionEntries>
         <BuildActionEntry
            buildForTesting = "YES"
            buildForRunning = "YES"
            buildForProfiling = "YES"
            buildForArchiving = "YES"
            buildForAnalyzing = "YES">
            <BuildableReference
               BuildableIdentifier = "primary"
               BlueprintIdentifier = "ksearch"
               BuildableName = "ksearch"
               BlueprintName = "ksearch"
               ReferencedContainer = "container:">
            </BuildableReference>
         </BuildActionEntry>
      </BuildActionEntries>
   </BuildAction>
   <TestAction
      buildConfiguration = "Debug"
      selectedDebuggerIdentifier = "Xcode.DebuggerFoundation.Debugger.LLDB"
      selectedLauncherIdentifier = "Xcode.DebuggerFoundation.Launcher.LLDB"
      shouldUseLaunchSchemeArgsEnv = "YES"
      shouldAutocreateTestPlan = "YES">
   </TestAction>
   <LaunchAction
      buildConfiguration = "Debug"
      selectedDebuggerIdentifier = "Xcode.DebuggerFoundation.Debugger.LLDB"
      selectedLauncherIdentifier = "Xcode.DebuggerFoundation.Launcher.LLDB"
      launchStyle = "0"
      useCustomWorkingDirectory = "NO"
      ignoresPersistentStateOnLaunch = "NO"
      debugDocumentVersioning = "YES"
      debugServiceExtension = "internal"
      allowLocationSimulation = "YES">
      <BuildableProductRunnable
         runnableDebuggingMode = "0">
         <BuildableReference
            BuildableIdentifier = "primary"
            BlueprintIdentifier = "ksearch"
            BuildableName = "ksearch"
            BlueprintName = "ksearch"
            ReferencedContainer = "container:">
         </BuildableReference>
      </BuildableProductRunnable>
      <CommandLineArguments>
         <CommandLineArgument
            argument = "help search"
            isEnabled = "YES">
         </CommandLineArgument>
         <CommandLineArgument
            argument = " help info"
            isEnabled = "NO">
         </CommandLineArgument>
         <CommandLineArgument
            argument = "two"
            isEnabled = "NO">
         </CommandLineArgument>
         <CommandLineArgument
            argument = "-b"
            isEnabled = "NO">
         </CommandLineArgument>
         <CommandLineArgument
            argument = "--type GirlGroup"
            isEnabled = "NO">
         </CommandLineArgument>
         <CommandLineArgument
            argument = "info GFriend"
            isEnabled = "NO">
         </CommandLineArgument>
         <CommandLineArgument
            argument = "-c others"
            isEnabled = "NO">
         </CommandLineArgument>
         <CommandLineArgument
            argument = "-c sm"
            isEnabled = "NO">
         </CommandLineArgument>
         <CommandLineArgument
            argument = "-m 6"
            isEnabled = "NO">
         </CommandLineArgument>
         <CommandLineArgument
            argument = "-s FemaleSolo"
            isEnabled = "NO">
         </CommandLineArgument>
         <CommandLineArgument
            argument = "-g 3rd"
            isEnabled = "NO">
         </CommandLineArgument>
         <CommandLineArgument
            argument = "-g 2nd"
            isEnabled = "NO">
         </CommandLineArgument>
         <CommandLineArgument
            argument = "-g 4th"
            isEnabled = "NO">
         </CommandLineArgument>
         <CommandLineArgument
            argument = "one"
            isEnabled = "NO">
         </CommandLineArgument>
         <CommandLineArgument
            argument = "three"
            isEnabled = "NO">
         </CommandLineArgument>
         <CommandLineArgument
            argument = "info KARA"
            isEnabled = "NO">
         </CommandLineArgument>
         <CommandLineArgument
            argument = "five"
            isEnabled = "NO">
         </CommandLineArgument>
         <CommandLineArgument
            argument = "help"
            isEnabled = "NO">
         </CommandLineArgument>
         <CommandLineArgument
            argument = "three --type gg "
            isEnabled = "NO">
         </CommandLineArgument>
         <CommandLineArgument
            argument = "one --type bg -c sm"
            isEnabled = "NO">
         </CommandLineArgument>
         <CommandLineArgument
            argument = "three -g 4th -c others"
            isEnabled = "NO">
         </CommandLineArgument>
      </CommandLineArguments>
   </LaunchAction>
   <ProfileAction
      buildConfiguration = "Release"
      shouldUseLaunchSchemeArgsEnv = "YES"
      savedToolIdentifier = ""
      useCustomWorkingDirectory = "NO"
      debugDocumentVersioning = "YES">
      <BuildableProductRunnable
         runnableDebuggingMode = "0">
         <BuildableReference
            BuildableIdentifier = "primary"
            BlueprintIdentifier = "ksearch"
            BuildableName = "ksearch"
            BlueprintName = "ksearch"
            ReferencedContainer = "container:">
         </BuildableReference>
      </BuildableProductRunnable>
   </ProfileAction>
   <AnalyzeAction
      buildConfiguration = "Debug">
   </AnalyzeAction>
   <ArchiveAction
      buildConfiguration = "Release"
      revealArchiveInOrganizer = "YES">
   </ArchiveAction>
</Scheme>
